
Microsoft Visual Studio Solution File, Format Version 12.00
# Visual Studio 15
VisualStudioVersion = 15.0.28010.0
MinimumVisualStudioVersion = 10.0.40219.1
Project("{FAE04EC0-301F-11D3-BF4B-00C04F79EFBC}") = "MotorApp.DataAccess", "MotorApp.DataAccess\MotorApp.DataAccess.csproj", "{01C275B5-BC44-493A-B832-9503A34CB289}"
EndProject
Project("{FAE04EC0-301F-11D3-BF4B-00C04F79EFBC}") = "MotorApp.BuisnessLogic", "MotorApp.BuisnessLogic\MotorApp.BuisnessLogic.csproj", "{499156E6-4538-43D4-8B17-CA86E0F5A291}"
EndProject
Project("{FAE04EC0-301F-11D3-BF4B-00C04F79EFBC}") = "MotorApp.UnitTest", "Motor.App.UnitTest\MotorApp.UnitTest.csproj", "{84A89E24-61BE-47E1-8E87-774F5011375A}"
EndProject
Project("{FAE04EC0-301F-11D3-BF4B-00C04F79EFBC}") = "MotorApp.WebClient", "MotorApp.WebClient\MotorApp.WebClient.csproj", "{F8EFB1C3-C8C2-47AD-B061-4B2DB05291B4}"
EndProject
Global
	GlobalSection(SolutionConfigurationPlatforms) = preSolution
		Debug|Any CPU = Debug|Any CPU
		Release|Any CPU = Release|Any CPU
	EndGlobalSection
	GlobalSection(ProjectConfigurationPlatforms) = postSolution
		{01C275B5-BC44-493A-B832-9503A34CB289}.Debug|Any CPU.ActiveCfg = Debug|Any CPU
		{01C275B5-BC44-493A-B832-9503A34CB289}.Debug|Any CPU.Build.0 = Debug|Any CPU
		{01C275B5-BC44-493A-B832-9503A34CB289}.Release|Any CPU.ActiveCfg = Release|Any CPU
		{01C275B5-BC44-493A-B832-9503A34CB289}.Release|Any CPU.Build.0 = Release|Any CPU
		{499156E6-4538-43D4-8B17-CA86E0F5A291}.Debug|Any CPU.ActiveCfg = Debug|Any CPU
		{499156E6-4538-43D4-8B17-CA86E0F5A291}.Debug|Any CPU.Build.0 = Debug|Any CPU
		{499156E6-4538-43D4-8B17-CA86E0F5A291}.Release|Any CPU.ActiveCfg = Release|Any CPU
		{499156E6-4538-43D4-8B17-CA86E0F5A291}.Release|Any CPU.Build.0 = Release|Any CPU
		{84A89E24-61BE-47E1-8E87-774F5011375A}.Debug|Any CPU.ActiveCfg = Debug|Any CPU
		{84A89E24-61BE-47E1-8E87-774F5011375A}.Debug|Any CPU.Build.0 = Debug|Any CPU
		{84A89E24-61BE-47E1-8E87-774F5011375A}.Release|Any CPU.ActiveCfg = Release|Any CPU
		{84A89E24-61BE-47E1-8E87-774F5011375A}.Release|Any CPU.Build.0 = Release|Any CPU
		{F8EFB1C3-C8C2-47AD-B061-4B2DB05291B4}.Debug|Any CPU.ActiveCfg = Debug|Any CPU
		{F8EFB1C3-C8C2-47AD-B061-4B2DB05291B4}.Debug|Any CPU.Build.0 = Debug|Any CPU
		{F8EFB1C3-C8C2-47AD-B061-4B2DB05291B4}.Release|Any CPU.ActiveCfg = Release|Any CPU
		{F8EFB1C3-C8C2-47AD-B061-4B2DB05291B4}.Release|Any CPU.Build.0 = Release|Any CPU
	EndGlobalSection
	GlobalSection(SolutionProperties) = preSolution
		HideSolutionNode = FALSE
	EndGlobalSection
	GlobalSection(ExtensibilityGlobals) = postSolution
		SolutionGuid = {73F594FB-0DE4-4708-A9E2-6108980D9FE4}
	EndGlobalSection
EndGlobal
